
Microsoft Visual Studio Solution File, Format Version 12.00
# Visual Studio 15
VisualStudioVersion = 15.0.27130.2036
MinimumVisualStudioVersion = 10.0.40219.1
Project("{8BC9CEB8-8B4A-11D0-8D11-00A0C91BC942}") = "MathLibrary", "MathLibraryCLR\MathLibraryCLR.vcxproj", "{24E76175-AB48-4259-8EB0-AB31EC9DC77D}"
EndProject
Project("{FAE04EC0-301F-11D3-BF4B-00C04F79EFBC}") = "CalculatorApp", "CalculatorApp\CalculatorApp.csproj", "{95876D15-639C-4FB9-92B2-A4731FA22277}"
EndProject
Project("{FAE04EC0-301F-11D3-BF4B-00C04F79EFBC}") = "CharacterCreator", "CharacterCreator\CharacterCreator.csproj", "{390F27CE-4338-4301-8283-99009483D733}"
EndProject
Global
	GlobalSection(SolutionConfigurationPlatforms) = preSolution
		Debug|Any CPU = Debug|Any CPU
		Debug|x64 = Debug|x64
		Debug|x86 = Debug|x86
		Release|Any CPU = Release|Any CPU
		Release|x64 = Release|x64
		Release|x86 = Release|x86
	EndGlobalSection
	GlobalSection(ProjectConfigurationPlatforms) = postSolution
		{24E76175-AB48-4259-8EB0-AB31EC9DC77D}.Debug|Any CPU.ActiveCfg = Debug|Win32
		{24E76175-AB48-4259-8EB0-AB31EC9DC77D}.Debug|x64.ActiveCfg = Debug|x64
		{24E76175-AB48-4259-8EB0-AB31EC9DC77D}.Debug|x64.Build.0 = Debug|x64
		{24E76175-AB48-4259-8EB0-AB31EC9DC77D}.Debug|x86.ActiveCfg = Debug|Win32
		{24E76175-AB48-4259-8EB0-AB31EC9DC77D}.Debug|x86.Build.0 = Debug|Win32
		{24E76175-AB48-4259-8EB0-AB31EC9DC77D}.Release|Any CPU.ActiveCfg = Release|Win32
		{24E76175-AB48-4259-8EB0-AB31EC9DC77D}.Release|x64.ActiveCfg = Release|x64
		{24E76175-AB48-4259-8EB0-AB31EC9DC77D}.Release|x64.Build.0 = Release|x64
		{24E76175-AB48-4259-8EB0-AB31EC9DC77D}.Release|x86.ActiveCfg = Release|Win32
		{24E76175-AB48-4259-8EB0-AB31EC9DC77D}.Release|x86.Build.0 = Release|Win32
		{95876D15-639C-4FB9-92B2-A4731FA22277}.Debug|Any CPU.ActiveCfg = Debug|Any CPU
		{95876D15-639C-4FB9-92B2-A4731FA22277}.Debug|Any CPU.Build.0 = Debug|Any CPU
		{95876D15-639C-4FB9-92B2-A4731FA22277}.Debug|x64.ActiveCfg = Debug|Any CPU
		{95876D15-639C-4FB9-92B2-A4731FA22277}.Debug|x64.Build.0 = Debug|Any CPU
		{95876D15-639C-4FB9-92B2-A4731FA22277}.Debug|x86.ActiveCfg = Debug|Any CPU
		{95876D15-639C-4FB9-92B2-A4731FA22277}.Debug|x86.Build.0 = Debug|Any CPU
		{95876D15-639C-4FB9-92B2-A4731FA22277}.Release|Any CPU.ActiveCfg = Release|Any CPU
		{95876D15-639C-4FB9-92B2-A4731FA22277}.Release|Any CPU.Build.0 = Release|Any CPU
		{95876D15-639C-4FB9-92B2-A4731FA22277}.Release|x64.ActiveCfg = Release|Any CPU
		{95876D15-639C-4FB9-92B2-A4731FA22277}.Release|x64.Build.0 = Release|Any CPU
		{95876D15-639C-4FB9-92B2-A4731FA22277}.Release|x86.ActiveCfg = Release|Any CPU
		{95876D15-639C-4FB9-92B2-A4731FA22277}.Release|x86.Build.0 = Release|Any CPU
		{390F27CE-4338-4301-8283-99009483D733}.Debug|Any CPU.ActiveCfg = Debug|Any CPU
		{390F27CE-4338-4301-8283-99009483D733}.Debug|Any CPU.Build.0 = Debug|Any CPU
		{390F27CE-4338-4301-8283-99009483D733}.Debug|x64.ActiveCfg = Debug|Any CPU
		{390F27CE-4338-4301-8283-99009483D733}.Debug|x64.Build.0 = Debug|Any CPU
		{390F27CE-4338-4301-8283-99009483D733}.Debug|x86.ActiveCfg = Debug|Any CPU
		{390F27CE-4338-4301-8283-99009483D733}.Debug|x86.Build.0 = Debug|Any CPU
		{390F27CE-4338-4301-8283-99009483D733}.Release|Any CPU.ActiveCfg = Release|Any CPU
		{390F27CE-4338-4301-8283-99009483D733}.Release|Any CPU.Build.0 = Release|Any CPU
		{390F27CE-4338-4301-8283-99009483D733}.Release|x64.ActiveCfg = Release|Any CPU
		{390F27CE-4338-4301-8283-99009483D733}.Release|x64.Build.0 = Release|Any CPU
		{390F27CE-4338-4301-8283-99009483D733}.Release|x86.ActiveCfg = Release|Any CPU
		{390F27CE-4338-4301-8283-99009483D733}.Release|x86.Build.0 = Release|Any CPU
	EndGlobalSection
	GlobalSection(SolutionProperties) = preSolution
		HideSolutionNode = FALSE
	EndGlobalSection
	GlobalSection(ExtensibilityGlobals) = postSolution
		SolutionGuid = {929B6476-B5D2-4FAE-84F0-D96EDCF153B5}
	EndGlobalSection
EndGlobal
